
Microsoft Visual Studio Solution File, Format Version 12.00
# Visual Studio Version 17
VisualStudioVersion = 17.9.34607.119
MinimumVisualStudioVersion = 10.0.40219.1
Project("{FAE04EC0-301F-11D3-BF4B-00C04F79EFBC}") = "Module-03", "Module-03\Module-03.csproj", "{CD4CF255-8AA5-4A6E-A63C-503C84D9C1BA}"
EndProject
Global
	GlobalSection(SolutionConfigurationPlatforms) = preSolution
		Debug|Any CPU = Debug|Any CPU
		Release|Any CPU = Release|Any CPU
	EndGlobalSection
	GlobalSection(ProjectConfigurationPlatforms) = postSolution
		{CD4CF255-8AA5-4A6E-A63C-503C84D9C1BA}.Debug|Any CPU.ActiveCfg = Debug|Any CPU
		{CD4CF255-8AA5-4A6E-A63C-503C84D9C1BA}.Debug|Any CPU.Build.0 = Debug|Any CPU
		{CD4CF255-8AA5-4A6E-A63C-503C84D9C1BA}.Release|Any CPU.ActiveCfg = Release|Any CPU
		{CD4CF255-8AA5-4A6E-A63C-503C84D9C1BA}.Release|Any CPU.Build.0 = Release|Any CPU
	EndGlobalSection
	GlobalSection(SolutionProperties) = preSolution
		HideSolutionNode = FALSE
	EndGlobalSection
	GlobalSection(ExtensibilityGlobals) = postSolution
		SolutionGuid = {B0273121-FC83-4B92-8AD9-A99A67F8488C}
	EndGlobalSection
EndGlobal
