
Microsoft Visual Studio Solution File, Format Version 12.00
# Visual Studio Version 17
VisualStudioVersion = 17.9.34607.119
MinimumVisualStudioVersion = 10.0.40219.1
Project("{FAE04EC0-301F-11D3-BF4B-00C04F79EFBC}") = "Module-05", "Module-05\Module-05.csproj", "{91CCE221-68A0-4402-90DD-E050E9354AED}"
EndProject
Project("{FAE04EC0-301F-11D3-BF4B-00C04F79EFBC}") = "Unit-3", "Unit-3\Unit-3.csproj", "{A2C87322-F9E1-49DA-98E9-D13806DD4BC6}"
EndProject
Project("{FAE04EC0-301F-11D3-BF4B-00C04F79EFBC}") = "Unit-5", "Unit-5\Unit-5.csproj", "{A5081E7F-2E84-4585-A6BE-6A5E74752D7B}"
EndProject
Global
	GlobalSection(SolutionConfigurationPlatforms) = preSolution
		Debug|Any CPU = Debug|Any CPU
		Release|Any CPU = Release|Any CPU
	EndGlobalSection
	GlobalSection(ProjectConfigurationPlatforms) = postSolution
		{91CCE221-68A0-4402-90DD-E050E9354AED}.Debug|Any CPU.ActiveCfg = Debug|Any CPU
		{91CCE221-68A0-4402-90DD-E050E9354AED}.Debug|Any CPU.Build.0 = Debug|Any CPU
		{91CCE221-68A0-4402-90DD-E050E9354AED}.Release|Any CPU.ActiveCfg = Release|Any CPU
		{91CCE221-68A0-4402-90DD-E050E9354AED}.Release|Any CPU.Build.0 = Release|Any CPU
		{A2C87322-F9E1-49DA-98E9-D13806DD4BC6}.Debug|Any CPU.ActiveCfg = Debug|Any CPU
		{A2C87322-F9E1-49DA-98E9-D13806DD4BC6}.Debug|Any CPU.Build.0 = Debug|Any CPU
		{A2C87322-F9E1-49DA-98E9-D13806DD4BC6}.Release|Any CPU.ActiveCfg = Release|Any CPU
		{A2C87322-F9E1-49DA-98E9-D13806DD4BC6}.Release|Any CPU.Build.0 = Release|Any CPU
		{A5081E7F-2E84-4585-A6BE-6A5E74752D7B}.Debug|Any CPU.ActiveCfg = Debug|Any CPU
		{A5081E7F-2E84-4585-A6BE-6A5E74752D7B}.Debug|Any CPU.Build.0 = Debug|Any CPU
		{A5081E7F-2E84-4585-A6BE-6A5E74752D7B}.Release|Any CPU.ActiveCfg = Release|Any CPU
		{A5081E7F-2E84-4585-A6BE-6A5E74752D7B}.Release|Any CPU.Build.0 = Release|Any CPU
	EndGlobalSection
	GlobalSection(SolutionProperties) = preSolution
		HideSolutionNode = FALSE
	EndGlobalSection
	GlobalSection(ExtensibilityGlobals) = postSolution
		SolutionGuid = {781E134B-B8BC-4D9B-9B16-630AEE738E63}
	EndGlobalSection
EndGlobal
