
Microsoft Visual Studio Solution File, Format Version 12.00
# Visual Studio Version 17
VisualStudioVersion = 17.8.34511.84
MinimumVisualStudioVersion = 10.0.40219.1
Project("{FAE04EC0-301F-11D3-BF4B-00C04F79EFBC}") = "Module-02", "Module-02\Module-02.csproj", "{BF3BAFCE-74F5-4767-AD6F-23FB4F7821BB}"
EndProject
Project("{FAE04EC0-301F-11D3-BF4B-00C04F79EFBC}") = "Unit-4", "Unit-4\Unit-4.csproj", "{4757A800-ED39-44A0-A9FC-2FADEA1F0B5F}"
EndProject
Global
	GlobalSection(SolutionConfigurationPlatforms) = preSolution
		Debug|Any CPU = Debug|Any CPU
		Release|Any CPU = Release|Any CPU
	EndGlobalSection
	GlobalSection(ProjectConfigurationPlatforms) = postSolution
		{BF3BAFCE-74F5-4767-AD6F-23FB4F7821BB}.Debug|Any CPU.ActiveCfg = Debug|Any CPU
		{BF3BAFCE-74F5-4767-AD6F-23FB4F7821BB}.Debug|Any CPU.Build.0 = Debug|Any CPU
		{BF3BAFCE-74F5-4767-AD6F-23FB4F7821BB}.Release|Any CPU.ActiveCfg = Release|Any CPU
		{BF3BAFCE-74F5-4767-AD6F-23FB4F7821BB}.Release|Any CPU.Build.0 = Release|Any CPU
		{4757A800-ED39-44A0-A9FC-2FADEA1F0B5F}.Debug|Any CPU.ActiveCfg = Debug|Any CPU
		{4757A800-ED39-44A0-A9FC-2FADEA1F0B5F}.Debug|Any CPU.Build.0 = Debug|Any CPU
		{4757A800-ED39-44A0-A9FC-2FADEA1F0B5F}.Release|Any CPU.ActiveCfg = Release|Any CPU
		{4757A800-ED39-44A0-A9FC-2FADEA1F0B5F}.Release|Any CPU.Build.0 = Release|Any CPU
	EndGlobalSection
	GlobalSection(SolutionProperties) = preSolution
		HideSolutionNode = FALSE
	EndGlobalSection
	GlobalSection(ExtensibilityGlobals) = postSolution
		SolutionGuid = {F4B80EB7-4DDC-4867-BA4F-B4753FFD9946}
	EndGlobalSection
EndGlobal
