
Microsoft Visual Studio Solution File, Format Version 12.00
# Visual Studio Version 17
VisualStudioVersion = 17.5.002.0
MinimumVisualStudioVersion = 10.0.40219.1
Project("{9A19103F-16F7-4668-BE54-9A1E7A4F7556}") = "Final", "Final\Final.csproj", "{B9F1B280-3A43-42DC-B3FA-73000D49EA43}"
EndProject
Project("{9A19103F-16F7-4668-BE54-9A1E7A4F7556}") = "Starter", "Starter\Starter.csproj", "{7D174E9F-D2AC-4564-BB79-F8183E196210}"
EndProject
Global
	GlobalSection(SolutionConfigurationPlatforms) = preSolution
		Debug|Any CPU = Debug|Any CPU
		Release|Any CPU = Release|Any CPU
	EndGlobalSection
	GlobalSection(ProjectConfigurationPlatforms) = postSolution
		{B9F1B280-3A43-42DC-B3FA-73000D49EA43}.Debug|Any CPU.ActiveCfg = Debug|Any CPU
		{B9F1B280-3A43-42DC-B3FA-73000D49EA43}.Debug|Any CPU.Build.0 = Debug|Any CPU
		{B9F1B280-3A43-42DC-B3FA-73000D49EA43}.Release|Any CPU.ActiveCfg = Release|Any CPU
		{B9F1B280-3A43-42DC-B3FA-73000D49EA43}.Release|Any CPU.Build.0 = Release|Any CPU
		{7D174E9F-D2AC-4564-BB79-F8183E196210}.Debug|Any CPU.ActiveCfg = Debug|Any CPU
		{7D174E9F-D2AC-4564-BB79-F8183E196210}.Debug|Any CPU.Build.0 = Debug|Any CPU
		{7D174E9F-D2AC-4564-BB79-F8183E196210}.Release|Any CPU.ActiveCfg = Release|Any CPU
		{7D174E9F-D2AC-4564-BB79-F8183E196210}.Release|Any CPU.Build.0 = Release|Any CPU
	EndGlobalSection
	GlobalSection(SolutionProperties) = preSolution
		HideSolutionNode = FALSE
	EndGlobalSection
	GlobalSection(ExtensibilityGlobals) = postSolution
		SolutionGuid = {B5806AB6-35B5-4EFC-ACE8-8A21129ED00C}
	EndGlobalSection
EndGlobal
