
Microsoft Visual Studio Solution File, Format Version 12.00
# Visual Studio Version 17
VisualStudioVersion = 17.8.34525.116
MinimumVisualStudioVersion = 10.0.40219.1
Project("{FAE04EC0-301F-11D3-BF4B-00C04F79EFBC}") = "Module-05", "Module-05\Module-05.csproj", "{67E61A26-C9A7-4024-BD90-10662E468101}"
EndProject
Global
	GlobalSection(SolutionConfigurationPlatforms) = preSolution
		Debug|Any CPU = Debug|Any CPU
		Release|Any CPU = Release|Any CPU
	EndGlobalSection
	GlobalSection(ProjectConfigurationPlatforms) = postSolution
		{67E61A26-C9A7-4024-BD90-10662E468101}.Debug|Any CPU.ActiveCfg = Debug|Any CPU
		{67E61A26-C9A7-4024-BD90-10662E468101}.Debug|Any CPU.Build.0 = Debug|Any CPU
		{67E61A26-C9A7-4024-BD90-10662E468101}.Release|Any CPU.ActiveCfg = Release|Any CPU
		{67E61A26-C9A7-4024-BD90-10662E468101}.Release|Any CPU.Build.0 = Release|Any CPU
	EndGlobalSection
	GlobalSection(SolutionProperties) = preSolution
		HideSolutionNode = FALSE
	EndGlobalSection
	GlobalSection(ExtensibilityGlobals) = postSolution
		SolutionGuid = {4A69CF33-CF9B-434F-9DEB-799C293300E0}
	EndGlobalSection
EndGlobal
