
Microsoft Visual Studio Solution File, Format Version 12.00
# Visual Studio Version 17
VisualStudioVersion = 17.8.34525.116
MinimumVisualStudioVersion = 10.0.40219.1
Project("{FAE04EC0-301F-11D3-BF4B-00C04F79EFBC}") = "Module-02", "Module-02\Module-02.csproj", "{5636BF28-5397-47AA-9176-68E6EF1757EE}"
EndProject
Global
	GlobalSection(SolutionConfigurationPlatforms) = preSolution
		Debug|Any CPU = Debug|Any CPU
		Release|Any CPU = Release|Any CPU
	EndGlobalSection
	GlobalSection(ProjectConfigurationPlatforms) = postSolution
		{5636BF28-5397-47AA-9176-68E6EF1757EE}.Debug|Any CPU.ActiveCfg = Debug|Any CPU
		{5636BF28-5397-47AA-9176-68E6EF1757EE}.Debug|Any CPU.Build.0 = Debug|Any CPU
		{5636BF28-5397-47AA-9176-68E6EF1757EE}.Release|Any CPU.ActiveCfg = Release|Any CPU
		{5636BF28-5397-47AA-9176-68E6EF1757EE}.Release|Any CPU.Build.0 = Release|Any CPU
	EndGlobalSection
	GlobalSection(SolutionProperties) = preSolution
		HideSolutionNode = FALSE
	EndGlobalSection
	GlobalSection(ExtensibilityGlobals) = postSolution
		SolutionGuid = {D5C701D2-5E45-437A-B1FF-7F444643F650}
	EndGlobalSection
EndGlobal
