
Microsoft Visual Studio Solution File, Format Version 12.00
# Visual Studio Version 17
VisualStudioVersion = 17.9.34607.119
MinimumVisualStudioVersion = 10.0.40219.1
Project("{FAE04EC0-301F-11D3-BF4B-00C04F79EFBC}") = "Module-03", "Module-03\Module-03.csproj", "{7156F87C-8360-4811-86BD-877C0C12DCB9}"
EndProject
Project("{FAE04EC0-301F-11D3-BF4B-00C04F79EFBC}") = "Unit-3", "Unit-3\Unit-3.csproj", "{A9F867E1-8655-41C7-A410-F4CF2D32D60C}"
EndProject
Global
	GlobalSection(SolutionConfigurationPlatforms) = preSolution
		Debug|Any CPU = Debug|Any CPU
		Release|Any CPU = Release|Any CPU
	EndGlobalSection
	GlobalSection(ProjectConfigurationPlatforms) = postSolution
		{7156F87C-8360-4811-86BD-877C0C12DCB9}.Debug|Any CPU.ActiveCfg = Debug|Any CPU
		{7156F87C-8360-4811-86BD-877C0C12DCB9}.Debug|Any CPU.Build.0 = Debug|Any CPU
		{7156F87C-8360-4811-86BD-877C0C12DCB9}.Release|Any CPU.ActiveCfg = Release|Any CPU
		{7156F87C-8360-4811-86BD-877C0C12DCB9}.Release|Any CPU.Build.0 = Release|Any CPU
		{A9F867E1-8655-41C7-A410-F4CF2D32D60C}.Debug|Any CPU.ActiveCfg = Debug|Any CPU
		{A9F867E1-8655-41C7-A410-F4CF2D32D60C}.Debug|Any CPU.Build.0 = Debug|Any CPU
		{A9F867E1-8655-41C7-A410-F4CF2D32D60C}.Release|Any CPU.ActiveCfg = Release|Any CPU
		{A9F867E1-8655-41C7-A410-F4CF2D32D60C}.Release|Any CPU.Build.0 = Release|Any CPU
	EndGlobalSection
	GlobalSection(SolutionProperties) = preSolution
		HideSolutionNode = FALSE
	EndGlobalSection
	GlobalSection(ExtensibilityGlobals) = postSolution
		SolutionGuid = {8A2ECA0F-4946-42EA-810A-06672B4227C1}
	EndGlobalSection
EndGlobal
