
Microsoft Visual Studio Solution File, Format Version 12.00
# Visual Studio Version 17
VisualStudioVersion = 17.8.34525.116
MinimumVisualStudioVersion = 10.0.40219.1
Project("{FAE04EC0-301F-11D3-BF4B-00C04F79EFBC}") = "Module-04", "Module-04\Module-04.csproj", "{97C3B506-EBCE-4511-BB9D-3975F78268C8}"
EndProject
Project("{FAE04EC0-301F-11D3-BF4B-00C04F79EFBC}") = "Unit-3", "Unit-3\Unit-3.csproj", "{320B778A-2F48-4E61-A9D5-FD4964AA9B09}"
EndProject
Project("{FAE04EC0-301F-11D3-BF4B-00C04F79EFBC}") = "Unit-4", "Unit-4\Unit-4.csproj", "{2AC12260-0B6A-444C-87E1-B14543FE9E4D}"
EndProject
Global
	GlobalSection(SolutionConfigurationPlatforms) = preSolution
		Debug|Any CPU = Debug|Any CPU
		Release|Any CPU = Release|Any CPU
	EndGlobalSection
	GlobalSection(ProjectConfigurationPlatforms) = postSolution
		{97C3B506-EBCE-4511-BB9D-3975F78268C8}.Debug|Any CPU.ActiveCfg = Debug|Any CPU
		{97C3B506-EBCE-4511-BB9D-3975F78268C8}.Debug|Any CPU.Build.0 = Debug|Any CPU
		{97C3B506-EBCE-4511-BB9D-3975F78268C8}.Release|Any CPU.ActiveCfg = Release|Any CPU
		{97C3B506-EBCE-4511-BB9D-3975F78268C8}.Release|Any CPU.Build.0 = Release|Any CPU
		{320B778A-2F48-4E61-A9D5-FD4964AA9B09}.Debug|Any CPU.ActiveCfg = Debug|Any CPU
		{320B778A-2F48-4E61-A9D5-FD4964AA9B09}.Debug|Any CPU.Build.0 = Debug|Any CPU
		{320B778A-2F48-4E61-A9D5-FD4964AA9B09}.Release|Any CPU.ActiveCfg = Release|Any CPU
		{320B778A-2F48-4E61-A9D5-FD4964AA9B09}.Release|Any CPU.Build.0 = Release|Any CPU
		{2AC12260-0B6A-444C-87E1-B14543FE9E4D}.Debug|Any CPU.ActiveCfg = Debug|Any CPU
		{2AC12260-0B6A-444C-87E1-B14543FE9E4D}.Debug|Any CPU.Build.0 = Debug|Any CPU
		{2AC12260-0B6A-444C-87E1-B14543FE9E4D}.Release|Any CPU.ActiveCfg = Release|Any CPU
		{2AC12260-0B6A-444C-87E1-B14543FE9E4D}.Release|Any CPU.Build.0 = Release|Any CPU
	EndGlobalSection
	GlobalSection(SolutionProperties) = preSolution
		HideSolutionNode = FALSE
	EndGlobalSection
	GlobalSection(ExtensibilityGlobals) = postSolution
		SolutionGuid = {DF179565-0E41-4AC4-A735-0BDA6F93CFB7}
	EndGlobalSection
EndGlobal
