
Microsoft Visual Studio Solution File, Format Version 12.00
# Visual Studio Version 17
VisualStudioVersion = 17.8.34511.84
MinimumVisualStudioVersion = 10.0.40219.1
Project("{FAE04EC0-301F-11D3-BF4B-00C04F79EFBC}") = "Module-04", "Module-04\Module-04.csproj", "{4F1BD35D-C28B-47E3-95CE-1F1DB1886BD0}"
EndProject
Global
	GlobalSection(SolutionConfigurationPlatforms) = preSolution
		Debug|Any CPU = Debug|Any CPU
		Release|Any CPU = Release|Any CPU
	EndGlobalSection
	GlobalSection(ProjectConfigurationPlatforms) = postSolution
		{4F1BD35D-C28B-47E3-95CE-1F1DB1886BD0}.Debug|Any CPU.ActiveCfg = Debug|Any CPU
		{4F1BD35D-C28B-47E3-95CE-1F1DB1886BD0}.Debug|Any CPU.Build.0 = Debug|Any CPU
		{4F1BD35D-C28B-47E3-95CE-1F1DB1886BD0}.Release|Any CPU.ActiveCfg = Release|Any CPU
		{4F1BD35D-C28B-47E3-95CE-1F1DB1886BD0}.Release|Any CPU.Build.0 = Release|Any CPU
	EndGlobalSection
	GlobalSection(SolutionProperties) = preSolution
		HideSolutionNode = FALSE
	EndGlobalSection
	GlobalSection(ExtensibilityGlobals) = postSolution
		SolutionGuid = {338FAC7B-2CA3-4053-9B78-BCA85443AEA0}
	EndGlobalSection
EndGlobal
