
Microsoft Visual Studio Solution File, Format Version 12.00
# Visual Studio Version 17
VisualStudioVersion = 17.9.34622.214
MinimumVisualStudioVersion = 10.0.40219.1
Project("{9A19103F-16F7-4668-BE54-9A1E7A4F7556}") = "Starter", "Starter.csproj", "{8B9D5165-8A5B-43E5-8683-50A9BC7B23EE}"
EndProject
Global
	GlobalSection(SolutionConfigurationPlatforms) = preSolution
		Debug|Any CPU = Debug|Any CPU
		Release|Any CPU = Release|Any CPU
	EndGlobalSection
	GlobalSection(ProjectConfigurationPlatforms) = postSolution
		{8B9D5165-8A5B-43E5-8683-50A9BC7B23EE}.Debug|Any CPU.ActiveCfg = Debug|Any CPU
		{8B9D5165-8A5B-43E5-8683-50A9BC7B23EE}.Debug|Any CPU.Build.0 = Debug|Any CPU
		{8B9D5165-8A5B-43E5-8683-50A9BC7B23EE}.Release|Any CPU.ActiveCfg = Release|Any CPU
		{8B9D5165-8A5B-43E5-8683-50A9BC7B23EE}.Release|Any CPU.Build.0 = Release|Any CPU
	EndGlobalSection
	GlobalSection(SolutionProperties) = preSolution
		HideSolutionNode = FALSE
	EndGlobalSection
	GlobalSection(ExtensibilityGlobals) = postSolution
		SolutionGuid = {A507E83E-3365-429A-B7BB-13778AE286B1}
	EndGlobalSection
EndGlobal
